
Microsoft Visual Studio Solution File, Format Version 12.00
# Visual Studio Version 17
VisualStudioVersion = 17.11.35327.3
MinimumVisualStudioVersion = 10.0.40219.1
Project("{FAE04EC0-301F-11D3-BF4B-00C04F79EFBC}") = "Simple_Database", "Simple_Database.csproj", "{EF8AD951-24A0-4848-968C-2860FAD9838A}"
EndProject
Global
	GlobalSection(SolutionConfigurationPlatforms) = preSolution
		Debug|Any CPU = Debug|Any CPU
		Release|Any CPU = Release|Any CPU
	EndGlobalSection
	GlobalSection(ProjectConfigurationPlatforms) = postSolution
		{EF8AD951-24A0-4848-968C-2860FAD9838A}.Debug|Any CPU.ActiveCfg = Debug|Any CPU
		{EF8AD951-24A0-4848-968C-2860FAD9838A}.Debug|Any CPU.Build.0 = Debug|Any CPU
		{EF8AD951-24A0-4848-968C-2860FAD9838A}.Release|Any CPU.ActiveCfg = Release|Any CPU
		{EF8AD951-24A0-4848-968C-2860FAD9838A}.Release|Any CPU.Build.0 = Release|Any CPU
	EndGlobalSection
	GlobalSection(SolutionProperties) = preSolution
		HideSolutionNode = FALSE
	EndGlobalSection
	GlobalSection(ExtensibilityGlobals) = postSolution
		SolutionGuid = {F427A222-EB31-4F49-8DAA-EF4EBB42D651}
	EndGlobalSection
EndGlobal
